
Microsoft Visual Studio Solution File, Format Version 12.00
# Visual Studio Version 16
VisualStudioVersion = 16.0.31729.503
MinimumVisualStudioVersion = 10.0.40219.1
Project("{8BC9CEB8-8B4A-11D0-8D11-00A0C91BC942}") = "str_middle", "str_middle\str_middle.vcxproj", "{F7D8167B-2FEC-4234-97FB-70A2C4FBE861}"
EndProject
Global
	GlobalSection(SolutionConfigurationPlatforms) = preSolution
		Debug|x64 = Debug|x64
		Debug|x86 = Debug|x86
		Release|x64 = Release|x64
		Release|x86 = Release|x86
	EndGlobalSection
	GlobalSection(ProjectConfigurationPlatforms) = postSolution
		{F7D8167B-2FEC-4234-97FB-70A2C4FBE861}.Debug|x64.ActiveCfg = Debug|x64
		{F7D8167B-2FEC-4234-97FB-70A2C4FBE861}.Debug|x64.Build.0 = Debug|x64
		{F7D8167B-2FEC-4234-97FB-70A2C4FBE861}.Debug|x86.ActiveCfg = Debug|Win32
		{F7D8167B-2FEC-4234-97FB-70A2C4FBE861}.Debug|x86.Build.0 = Debug|Win32
		{F7D8167B-2FEC-4234-97FB-70A2C4FBE861}.Release|x64.ActiveCfg = Release|x64
		{F7D8167B-2FEC-4234-97FB-70A2C4FBE861}.Release|x64.Build.0 = Release|x64
		{F7D8167B-2FEC-4234-97FB-70A2C4FBE861}.Release|x86.ActiveCfg = Release|Win32
		{F7D8167B-2FEC-4234-97FB-70A2C4FBE861}.Release|x86.Build.0 = Release|Win32
	EndGlobalSection
	GlobalSection(SolutionProperties) = preSolution
		HideSolutionNode = FALSE
	EndGlobalSection
	GlobalSection(ExtensibilityGlobals) = postSolution
		SolutionGuid = {F2B908ED-2DC3-4D04-8F76-B70B3BC70FB7}
	EndGlobalSection
EndGlobal
